
Microsoft Visual Studio Solution File, Format Version 12.00
# Visual Studio Version 17
VisualStudioVersion = 17.3.32922.545
MinimumVisualStudioVersion = 10.0.40219.1
Project("{FAE04EC0-301F-11D3-BF4B-00C04F79EFBC}") = "Birthday", "Birthday\Birthday.csproj", "{D3DC74F9-915E-4C60-BF06-6ECC9BA91CF3}"
EndProject
Global
	GlobalSection(SolutionConfigurationPlatforms) = preSolution
		Debug|Any CPU = Debug|Any CPU
		Release|Any CPU = Release|Any CPU
	EndGlobalSection
	GlobalSection(ProjectConfigurationPlatforms) = postSolution
		{D3DC74F9-915E-4C60-BF06-6ECC9BA91CF3}.Debug|Any CPU.ActiveCfg = Debug|Any CPU
		{D3DC74F9-915E-4C60-BF06-6ECC9BA91CF3}.Debug|Any CPU.Build.0 = Debug|Any CPU
		{D3DC74F9-915E-4C60-BF06-6ECC9BA91CF3}.Release|Any CPU.ActiveCfg = Release|Any CPU
		{D3DC74F9-915E-4C60-BF06-6ECC9BA91CF3}.Release|Any CPU.Build.0 = Release|Any CPU
	EndGlobalSection
	GlobalSection(SolutionProperties) = preSolution
		HideSolutionNode = FALSE
	EndGlobalSection
	GlobalSection(ExtensibilityGlobals) = postSolution
		SolutionGuid = {1547ECFF-0524-4FC9-A7FC-025E5DD26C6E}
	EndGlobalSection
EndGlobal
